
Microsoft Visual Studio Solution File, Format Version 12.00
# Visual Studio 15
VisualStudioVersion = 15.0.27004.2002
MinimumVisualStudioVersion = 10.0.40219.1
Project("{FAE04EC0-301F-11D3-BF4B-00C04F79EFBC}") = "MyFirstForm", "MyFirstForm\MyFirstForm.csproj", "{92F187B6-E503-47FB-A17F-45919E5B0030}"
EndProject
Global
	GlobalSection(SolutionConfigurationPlatforms) = preSolution
		Debug|Any CPU = Debug|Any CPU
		Release|Any CPU = Release|Any CPU
	EndGlobalSection
	GlobalSection(ProjectConfigurationPlatforms) = postSolution
		{92F187B6-E503-47FB-A17F-45919E5B0030}.Debug|Any CPU.ActiveCfg = Debug|Any CPU
		{92F187B6-E503-47FB-A17F-45919E5B0030}.Debug|Any CPU.Build.0 = Debug|Any CPU
		{92F187B6-E503-47FB-A17F-45919E5B0030}.Release|Any CPU.ActiveCfg = Release|Any CPU
		{92F187B6-E503-47FB-A17F-45919E5B0030}.Release|Any CPU.Build.0 = Release|Any CPU
	EndGlobalSection
	GlobalSection(SolutionProperties) = preSolution
		HideSolutionNode = FALSE
	EndGlobalSection
	GlobalSection(ExtensibilityGlobals) = postSolution
		SolutionGuid = {2099C226-EFE2-4BDC-BFF2-6CEFEA11A26E}
	EndGlobalSection
EndGlobal
