
Microsoft Visual Studio Solution File, Format Version 12.00
# Visual Studio 2013
VisualStudioVersion = 12.0.40629.0
MinimumVisualStudioVersion = 10.0.40219.1
Project("{FAE04EC0-301F-11D3-BF4B-00C04F79EFBC}") = "MinimumGeneticMutation", "ConsoleApplication1\MinimumGeneticMutation.csproj", "{48E4B1DE-67E3-430B-AE9C-8AB2B7661BCD}"
EndProject
Global
	GlobalSection(SolutionConfigurationPlatforms) = preSolution
		Debug|Any CPU = Debug|Any CPU
		Release|Any CPU = Release|Any CPU
	EndGlobalSection
	GlobalSection(ProjectConfigurationPlatforms) = postSolution
		{48E4B1DE-67E3-430B-AE9C-8AB2B7661BCD}.Debug|Any CPU.ActiveCfg = Debug|Any CPU
		{48E4B1DE-67E3-430B-AE9C-8AB2B7661BCD}.Debug|Any CPU.Build.0 = Debug|Any CPU
		{48E4B1DE-67E3-430B-AE9C-8AB2B7661BCD}.Release|Any CPU.ActiveCfg = Release|Any CPU
		{48E4B1DE-67E3-430B-AE9C-8AB2B7661BCD}.Release|Any CPU.Build.0 = Release|Any CPU
	EndGlobalSection
	GlobalSection(SolutionProperties) = preSolution
		HideSolutionNode = FALSE
	EndGlobalSection
EndGlobal
