
Microsoft Visual Studio Solution File, Format Version 12.00
# Visual Studio 15
VisualStudioVersion = 15.0.27004.2002
MinimumVisualStudioVersion = 10.0.40219.1
Project("{FAE04EC0-301F-11D3-BF4B-00C04F79EFBC}") = "CalculatorWithDelegates", "CalculatorWithDelegates\CalculatorWithDelegates.csproj", "{F28ACB34-DB4E-4F81-BA02-C77F58F412F4}"
EndProject
Global
	GlobalSection(SolutionConfigurationPlatforms) = preSolution
		Debug|Any CPU = Debug|Any CPU
		Release|Any CPU = Release|Any CPU
	EndGlobalSection
	GlobalSection(ProjectConfigurationPlatforms) = postSolution
		{F28ACB34-DB4E-4F81-BA02-C77F58F412F4}.Debug|Any CPU.ActiveCfg = Debug|Any CPU
		{F28ACB34-DB4E-4F81-BA02-C77F58F412F4}.Debug|Any CPU.Build.0 = Debug|Any CPU
		{F28ACB34-DB4E-4F81-BA02-C77F58F412F4}.Release|Any CPU.ActiveCfg = Release|Any CPU
		{F28ACB34-DB4E-4F81-BA02-C77F58F412F4}.Release|Any CPU.Build.0 = Release|Any CPU
	EndGlobalSection
	GlobalSection(SolutionProperties) = preSolution
		HideSolutionNode = FALSE
	EndGlobalSection
	GlobalSection(ExtensibilityGlobals) = postSolution
		SolutionGuid = {10586BE8-5EB9-4059-993C-25FCD41FEFC5}
	EndGlobalSection
EndGlobal
